
Microsoft Visual Studio Solution File, Format Version 12.00
# Visual Studio Version 17
VisualStudioVersion = 17.0.32014.148
MinimumVisualStudioVersion = 10.0.40219.1
Project("{FAE04EC0-301F-11D3-BF4B-00C04F79EFBC}") = "PooClassesNome", "PooClassesNome\PooClassesNome.csproj", "{974BCB5B-C5AF-480A-AEE6-1C7A77DA46BD}"
EndProject
Global
	GlobalSection(SolutionConfigurationPlatforms) = preSolution
		Debug|Any CPU = Debug|Any CPU
		Release|Any CPU = Release|Any CPU
	EndGlobalSection
	GlobalSection(ProjectConfigurationPlatforms) = postSolution
		{974BCB5B-C5AF-480A-AEE6-1C7A77DA46BD}.Debug|Any CPU.ActiveCfg = Debug|Any CPU
		{974BCB5B-C5AF-480A-AEE6-1C7A77DA46BD}.Debug|Any CPU.Build.0 = Debug|Any CPU
		{974BCB5B-C5AF-480A-AEE6-1C7A77DA46BD}.Release|Any CPU.ActiveCfg = Release|Any CPU
		{974BCB5B-C5AF-480A-AEE6-1C7A77DA46BD}.Release|Any CPU.Build.0 = Release|Any CPU
	EndGlobalSection
	GlobalSection(SolutionProperties) = preSolution
		HideSolutionNode = FALSE
	EndGlobalSection
	GlobalSection(ExtensibilityGlobals) = postSolution
		SolutionGuid = {3D6812DA-3362-4E1B-80AC-AA51ECF26DB4}
	EndGlobalSection
EndGlobal
